
Microsoft Visual Studio Solution File, Format Version 12.00
# Visual Studio Version 17
VisualStudioVersion = 17.13.35825.156
MinimumVisualStudioVersion = 10.0.40219.1
Project("{FAE04EC0-301F-11D3-BF4B-00C04F79EFBC}") = "StarWarsAPI", "BlazorApp2\StarWarsAPI.csproj", "{881CB44E-D452-4415-9B5C-B1E98CE28704}"
EndProject
Global
	GlobalSection(SolutionConfigurationPlatforms) = preSolution
		Debug|Any CPU = Debug|Any CPU
		Release|Any CPU = Release|Any CPU
	EndGlobalSection
	GlobalSection(ProjectConfigurationPlatforms) = postSolution
		{881CB44E-D452-4415-9B5C-B1E98CE28704}.Debug|Any CPU.ActiveCfg = Debug|Any CPU
		{881CB44E-D452-4415-9B5C-B1E98CE28704}.Debug|Any CPU.Build.0 = Debug|Any CPU
		{881CB44E-D452-4415-9B5C-B1E98CE28704}.Release|Any CPU.ActiveCfg = Release|Any CPU
		{881CB44E-D452-4415-9B5C-B1E98CE28704}.Release|Any CPU.Build.0 = Release|Any CPU
	EndGlobalSection
	GlobalSection(SolutionProperties) = preSolution
		HideSolutionNode = FALSE
	EndGlobalSection
	GlobalSection(ExtensibilityGlobals) = postSolution
		SolutionGuid = {CBFD1C1F-ADB8-45A1-913E-DB3A0875EFF3}
	EndGlobalSection
EndGlobal
